
Microsoft Visual Studio Solution File, Format Version 12.00
# Visual Studio 15
VisualStudioVersion = 15.0.28307.421
MinimumVisualStudioVersion = 10.0.40219.1
Project("{FAE04EC0-301F-11D3-BF4B-00C04F79EFBC}") = "Ptc.AspnetMvc", "Ptc.AspnetMvc\Ptc.AspnetMvc.csproj", "{28F47762-DAA6-419D-9187-2EE963AA2A92}"
EndProject
Project("{FAE04EC0-301F-11D3-BF4B-00C04F79EFBC}") = "Ptc.AspnetMvc.Authentication", "Ptc.AspnetMvc.Authentication\Ptc.AspnetMvc.Authentication.csproj", "{7C480DEA-7569-47F8-8720-2B29B89C5684}"
EndProject
Project("{FAE04EC0-301F-11D3-BF4B-00C04F79EFBC}") = "AspNetMvc.SiteMenu", "Ptc.AspnetMvc.SiteMenu\AspNetMvc.SiteMenu.csproj", "{66C98A7A-962B-4B72-ADD6-A6BED45C194D}"
EndProject
Project("{FAE04EC0-301F-11D3-BF4B-00C04F79EFBC}") = "Ptc.AspNet.Identity", "Ptc.AspNet.Identity\Ptc.AspNet.Identity.csproj", "{26F6ECF9-4369-417B-8CF2-54FA92DF3660}"
EndProject
Project("{FAE04EC0-301F-11D3-BF4B-00C04F79EFBC}") = "Ptc.Logger", "Ptc.Logger\Ptc.Logger.csproj", "{84F11C21-3529-4AB4-9A5E-2E2015386059}"
EndProject
Project("{FAE04EC0-301F-11D3-BF4B-00C04F79EFBC}") = "Web", "Ptc.Seteng\Web.csproj", "{E76096DC-4BE0-4D0A-AA93-033DA8AE8FC3}"
EndProject
Project("{FAE04EC0-301F-11D3-BF4B-00C04F79EFBC}") = "Domain", "Ptc.Seteng.Domain\Domain.csproj", "{8EAC01EF-0489-47FF-87B8-0C4040AC3891}"
EndProject
Project("{FAE04EC0-301F-11D3-BF4B-00C04F79EFBC}") = "Helpers.Token", "Ptc.Seteng.Helpers.Token\Helpers.Token.csproj", "{655DDA66-EC6E-4716-9B36-DBFF87FB4459}"
EndProject
Project("{FAE04EC0-301F-11D3-BF4B-00C04F79EFBC}") = "Reports", "Ptc.Seteng.Reports\Reports.csproj", "{B7D265B0-E223-4487-A493-C5503E6331F6}"
EndProject
Project("{FAE04EC0-301F-11D3-BF4B-00C04F79EFBC}") = "Service", "Ptc.Seteng.Service\Service.csproj", "{3C096F6C-FEAA-4179-9507-1841839F71A6}"
EndProject
Project("{262852C6-CD72-467D-83FE-5EEB1973A190}") = "SPCC_Mobile", "Seteng_Mobile\SPCC_Mobile.jsproj", "{FDC0B1F3-F262-4D27-AE32-FE26DB69D68C}"
EndProject
Global
	GlobalSection(SolutionConfigurationPlatforms) = preSolution
		Debug|Android = Debug|Android
		Debug|Any CPU = Debug|Any CPU
		Debug|iOS = Debug|iOS
		Debug|Windows Phone (Universal) = Debug|Windows Phone (Universal)
		Debug|Windows Phone 8 = Debug|Windows Phone 8
		Debug|Windows-AnyCPU = Debug|Windows-AnyCPU
		Debug|Windows-ARM = Debug|Windows-ARM
		Debug|Windows-x64 = Debug|Windows-x64
		Debug|Windows-x86 = Debug|Windows-x86
		Debug|x86 = Debug|x86
		Release|Android = Release|Android
		Release|Any CPU = Release|Any CPU
		Release|iOS = Release|iOS
		Release|Windows Phone (Universal) = Release|Windows Phone (Universal)
		Release|Windows Phone 8 = Release|Windows Phone 8
		Release|Windows-AnyCPU = Release|Windows-AnyCPU
		Release|Windows-ARM = Release|Windows-ARM
		Release|Windows-x64 = Release|Windows-x64
		Release|Windows-x86 = Release|Windows-x86
		Release|x86 = Release|x86
	EndGlobalSection
	GlobalSection(ProjectConfigurationPlatforms) = postSolution
		{28F47762-DAA6-419D-9187-2EE963AA2A92}.Debug|Android.ActiveCfg = Debug|Any CPU
		{28F47762-DAA6-419D-9187-2EE963AA2A92}.Debug|Android.Build.0 = Debug|Any CPU
		{28F47762-DAA6-419D-9187-2EE963AA2A92}.Debug|Any CPU.ActiveCfg = Debug|Any CPU
		{28F47762-DAA6-419D-9187-2EE963AA2A92}.Debug|Any CPU.Build.0 = Debug|Any CPU
		{28F47762-DAA6-419D-9187-2EE963AA2A92}.Debug|iOS.ActiveCfg = Debug|Any CPU
		{28F47762-DAA6-419D-9187-2EE963AA2A92}.Debug|iOS.Build.0 = Debug|Any CPU
		{28F47762-DAA6-419D-9187-2EE963AA2A92}.Debug|Windows Phone (Universal).ActiveCfg = Debug|Any CPU
		{28F47762-DAA6-419D-9187-2EE963AA2A92}.Debug|Windows Phone (Universal).Build.0 = Debug|Any CPU
		{28F47762-DAA6-419D-9187-2EE963AA2A92}.Debug|Windows Phone 8.ActiveCfg = Debug|Any CPU
		{28F47762-DAA6-419D-9187-2EE963AA2A92}.Debug|Windows Phone 8.Build.0 = Debug|Any CPU
		{28F47762-DAA6-419D-9187-2EE963AA2A92}.Debug|Windows-AnyCPU.ActiveCfg = Debug|Any CPU
		{28F47762-DAA6-419D-9187-2EE963AA2A92}.Debug|Windows-AnyCPU.Build.0 = Debug|Any CPU
		{28F47762-DAA6-419D-9187-2EE963AA2A92}.Debug|Windows-ARM.ActiveCfg = Debug|Any CPU
		{28F47762-DAA6-419D-9187-2EE963AA2A92}.Debug|Windows-ARM.Build.0 = Debug|Any CPU
		{28F47762-DAA6-419D-9187-2EE963AA2A92}.Debug|Windows-x64.ActiveCfg = Debug|Any CPU
		{28F47762-DAA6-419D-9187-2EE963AA2A92}.Debug|Windows-x64.Build.0 = Debug|Any CPU
		{28F47762-DAA6-419D-9187-2EE963AA2A92}.Debug|Windows-x86.ActiveCfg = Debug|Any CPU
		{28F47762-DAA6-419D-9187-2EE963AA2A92}.Debug|Windows-x86.Build.0 = Debug|Any CPU
		{28F47762-DAA6-419D-9187-2EE963AA2A92}.Debug|x86.ActiveCfg = Debug|Any CPU
		{28F47762-DAA6-419D-9187-2EE963AA2A92}.Debug|x86.Build.0 = Debug|Any CPU
		{28F47762-DAA6-419D-9187-2EE963AA2A92}.Release|Android.ActiveCfg = Release|Any CPU
		{28F47762-DAA6-419D-9187-2EE963AA2A92}.Release|Android.Build.0 = Release|Any CPU
		{28F47762-DAA6-419D-9187-2EE963AA2A92}.Release|Any CPU.ActiveCfg = Release|Any CPU
		{28F47762-DAA6-419D-9187-2EE963AA2A92}.Release|Any CPU.Build.0 = Release|Any CPU
		{28F47762-DAA6-419D-9187-2EE963AA2A92}.Release|iOS.ActiveCfg = Release|Any CPU
		{28F47762-DAA6-419D-9187-2EE963AA2A92}.Release|iOS.Build.0 = Release|Any CPU
		{28F47762-DAA6-419D-9187-2EE963AA2A92}.Release|Windows Phone (Universal).ActiveCfg = Release|Any CPU
		{28F47762-DAA6-419D-9187-2EE963AA2A92}.Release|Windows Phone (Universal).Build.0 = Release|Any CPU
		{28F47762-DAA6-419D-9187-2EE963AA2A92}.Release|Windows Phone 8.ActiveCfg = Release|Any CPU
		{28F47762-DAA6-419D-9187-2EE963AA2A92}.Release|Windows Phone 8.Build.0 = Release|Any CPU
		{28F47762-DAA6-419D-9187-2EE963AA2A92}.Release|Windows-AnyCPU.ActiveCfg = Release|Any CPU
		{28F47762-DAA6-419D-9187-2EE963AA2A92}.Release|Windows-AnyCPU.Build.0 = Release|Any CPU
		{28F47762-DAA6-419D-9187-2EE963AA2A92}.Release|Windows-ARM.ActiveCfg = Release|Any CPU
		{28F47762-DAA6-419D-9187-2EE963AA2A92}.Release|Windows-ARM.Build.0 = Release|Any CPU
		{28F47762-DAA6-419D-9187-2EE963AA2A92}.Release|Windows-x64.ActiveCfg = Release|Any CPU
		{28F47762-DAA6-419D-9187-2EE963AA2A92}.Release|Windows-x64.Build.0 = Release|Any CPU
		{28F47762-DAA6-419D-9187-2EE963AA2A92}.Release|Windows-x86.ActiveCfg = Release|Any CPU
		{28F47762-DAA6-419D-9187-2EE963AA2A92}.Release|Windows-x86.Build.0 = Release|Any CPU
		{28F47762-DAA6-419D-9187-2EE963AA2A92}.Release|x86.ActiveCfg = Release|Any CPU
		{28F47762-DAA6-419D-9187-2EE963AA2A92}.Release|x86.Build.0 = Release|Any CPU
		{7C480DEA-7569-47F8-8720-2B29B89C5684}.Debug|Android.ActiveCfg = Debug|Any CPU
		{7C480DEA-7569-47F8-8720-2B29B89C5684}.Debug|Android.Build.0 = Debug|Any CPU
		{7C480DEA-7569-47F8-8720-2B29B89C5684}.Debug|Any CPU.ActiveCfg = Debug|Any CPU
		{7C480DEA-7569-47F8-8720-2B29B89C5684}.Debug|Any CPU.Build.0 = Debug|Any CPU
		{7C480DEA-7569-47F8-8720-2B29B89C5684}.Debug|iOS.ActiveCfg = Debug|Any CPU
		{7C480DEA-7569-47F8-8720-2B29B89C5684}.Debug|iOS.Build.0 = Debug|Any CPU
		{7C480DEA-7569-47F8-8720-2B29B89C5684}.Debug|Windows Phone (Universal).ActiveCfg = Debug|Any CPU
		{7C480DEA-7569-47F8-8720-2B29B89C5684}.Debug|Windows Phone (Universal).Build.0 = Debug|Any CPU
		{7C480DEA-7569-47F8-8720-2B29B89C5684}.Debug|Windows Phone 8.ActiveCfg = Debug|Any CPU
		{7C480DEA-7569-47F8-8720-2B29B89C5684}.Debug|Windows Phone 8.Build.0 = Debug|Any CPU
		{7C480DEA-7569-47F8-8720-2B29B89C5684}.Debug|Windows-AnyCPU.ActiveCfg = Debug|Any CPU
		{7C480DEA-7569-47F8-8720-2B29B89C5684}.Debug|Windows-AnyCPU.Build.0 = Debug|Any CPU
		{7C480DEA-7569-47F8-8720-2B29B89C5684}.Debug|Windows-ARM.ActiveCfg = Debug|Any CPU
		{7C480DEA-7569-47F8-8720-2B29B89C5684}.Debug|Windows-ARM.Build.0 = Debug|Any CPU
		{7C480DEA-7569-47F8-8720-2B29B89C5684}.Debug|Windows-x64.ActiveCfg = Debug|Any CPU
		{7C480DEA-7569-47F8-8720-2B29B89C5684}.Debug|Windows-x64.Build.0 = Debug|Any CPU
		{7C480DEA-7569-47F8-8720-2B29B89C5684}.Debug|Windows-x86.ActiveCfg = Debug|Any CPU
		{7C480DEA-7569-47F8-8720-2B29B89C5684}.Debug|Windows-x86.Build.0 = Debug|Any CPU
		{7C480DEA-7569-47F8-8720-2B29B89C5684}.Debug|x86.ActiveCfg = Debug|Any CPU
		{7C480DEA-7569-47F8-8720-2B29B89C5684}.Debug|x86.Build.0 = Debug|Any CPU
		{7C480DEA-7569-47F8-8720-2B29B89C5684}.Release|Android.ActiveCfg = Release|Any CPU
		{7C480DEA-7569-47F8-8720-2B29B89C5684}.Release|Android.Build.0 = Release|Any CPU
		{7C480DEA-7569-47F8-8720-2B29B89C5684}.Release|Any CPU.ActiveCfg = Release|Any CPU
		{7C480DEA-7569-47F8-8720-2B29B89C5684}.Release|Any CPU.Build.0 = Release|Any CPU
		{7C480DEA-7569-47F8-8720-2B29B89C5684}.Release|iOS.ActiveCfg = Release|Any CPU
		{7C480DEA-7569-47F8-8720-2B29B89C5684}.Release|iOS.Build.0 = Release|Any CPU
		{7C480DEA-7569-47F8-8720-2B29B89C5684}.Release|Windows Phone (Universal).ActiveCfg = Release|Any CPU
		{7C480DEA-7569-47F8-8720-2B29B89C5684}.Release|Windows Phone (Universal).Build.0 = Release|Any CPU
		{7C480DEA-7569-47F8-8720-2B29B89C5684}.Release|Windows Phone 8.ActiveCfg = Release|Any CPU
		{7C480DEA-7569-47F8-8720-2B29B89C5684}.Release|Windows Phone 8.Build.0 = Release|Any CPU
		{7C480DEA-7569-47F8-8720-2B29B89C5684}.Release|Windows-AnyCPU.ActiveCfg = Release|Any CPU
		{7C480DEA-7569-47F8-8720-2B29B89C5684}.Release|Windows-AnyCPU.Build.0 = Release|Any CPU
		{7C480DEA-7569-47F8-8720-2B29B89C5684}.Release|Windows-ARM.ActiveCfg = Release|Any CPU
		{7C480DEA-7569-47F8-8720-2B29B89C5684}.Release|Windows-ARM.Build.0 = Release|Any CPU
		{7C480DEA-7569-47F8-8720-2B29B89C5684}.Release|Windows-x64.ActiveCfg = Release|Any CPU
		{7C480DEA-7569-47F8-8720-2B29B89C5684}.Release|Windows-x64.Build.0 = Release|Any CPU
		{7C480DEA-7569-47F8-8720-2B29B89C5684}.Release|Windows-x86.ActiveCfg = Release|Any CPU
		{7C480DEA-7569-47F8-8720-2B29B89C5684}.Release|Windows-x86.Build.0 = Release|Any CPU
		{7C480DEA-7569-47F8-8720-2B29B89C5684}.Release|x86.ActiveCfg = Release|Any CPU
		{7C480DEA-7569-47F8-8720-2B29B89C5684}.Release|x86.Build.0 = Release|Any CPU
		{66C98A7A-962B-4B72-ADD6-A6BED45C194D}.Debug|Android.ActiveCfg = Debug|Any CPU
		{66C98A7A-962B-4B72-ADD6-A6BED45C194D}.Debug|Android.Build.0 = Debug|Any CPU
		{66C98A7A-962B-4B72-ADD6-A6BED45C194D}.Debug|Any CPU.ActiveCfg = Debug|Any CPU
		{66C98A7A-962B-4B72-ADD6-A6BED45C194D}.Debug|Any CPU.Build.0 = Debug|Any CPU
		{66C98A7A-962B-4B72-ADD6-A6BED45C194D}.Debug|iOS.ActiveCfg = Debug|Any CPU
		{66C98A7A-962B-4B72-ADD6-A6BED45C194D}.Debug|iOS.Build.0 = Debug|Any CPU
		{66C98A7A-962B-4B72-ADD6-A6BED45C194D}.Debug|Windows Phone (Universal).ActiveCfg = Debug|Any CPU
		{66C98A7A-962B-4B72-ADD6-A6BED45C194D}.Debug|Windows Phone (Universal).Build.0 = Debug|Any CPU
		{66C98A7A-962B-4B72-ADD6-A6BED45C194D}.Debug|Windows Phone 8.ActiveCfg = Debug|Any CPU
		{66C98A7A-962B-4B72-ADD6-A6BED45C194D}.Debug|Windows Phone 8.Build.0 = Debug|Any CPU
		{66C98A7A-962B-4B72-ADD6-A6BED45C194D}.Debug|Windows-AnyCPU.ActiveCfg = Debug|Any CPU
		{66C98A7A-962B-4B72-ADD6-A6BED45C194D}.Debug|Windows-AnyCPU.Build.0 = Debug|Any CPU
		{66C98A7A-962B-4B72-ADD6-A6BED45C194D}.Debug|Windows-ARM.ActiveCfg = Debug|Any CPU
		{66C98A7A-962B-4B72-ADD6-A6BED45C194D}.Debug|Windows-ARM.Build.0 = Debug|Any CPU
		{66C98A7A-962B-4B72-ADD6-A6BED45C194D}.Debug|Windows-x64.ActiveCfg = Debug|Any CPU
		{66C98A7A-962B-4B72-ADD6-A6BED45C194D}.Debug|Windows-x64.Build.0 = Debug|Any CPU
		{66C98A7A-962B-4B72-ADD6-A6BED45C194D}.Debug|Windows-x86.ActiveCfg = Debug|Any CPU
		{66C98A7A-962B-4B72-ADD6-A6BED45C194D}.Debug|Windows-x86.Build.0 = Debug|Any CPU
		{66C98A7A-962B-4B72-ADD6-A6BED45C194D}.Debug|x86.ActiveCfg = Debug|Any CPU
		{66C98A7A-962B-4B72-ADD6-A6BED45C194D}.Debug|x86.Build.0 = Debug|Any CPU
		{66C98A7A-962B-4B72-ADD6-A6BED45C194D}.Release|Android.ActiveCfg = Release|Any CPU
		{66C98A7A-962B-4B72-ADD6-A6BED45C194D}.Release|Android.Build.0 = Release|Any CPU
		{66C98A7A-962B-4B72-ADD6-A6BED45C194D}.Release|Any CPU.ActiveCfg = Release|Any CPU
		{66C98A7A-962B-4B72-ADD6-A6BED45C194D}.Release|Any CPU.Build.0 = Release|Any CPU
		{66C98A7A-962B-4B72-ADD6-A6BED45C194D}.Release|iOS.ActiveCfg = Release|Any CPU
		{66C98A7A-962B-4B72-ADD6-A6BED45C194D}.Release|iOS.Build.0 = Release|Any CPU
		{66C98A7A-962B-4B72-ADD6-A6BED45C194D}.Release|Windows Phone (Universal).ActiveCfg = Release|Any CPU
		{66C98A7A-962B-4B72-ADD6-A6BED45C194D}.Release|Windows Phone (Universal).Build.0 = Release|Any CPU
		{66C98A7A-962B-4B72-ADD6-A6BED45C194D}.Release|Windows Phone 8.ActiveCfg = Release|Any CPU
		{66C98A7A-962B-4B72-ADD6-A6BED45C194D}.Release|Windows Phone 8.Build.0 = Release|Any CPU
		{66C98A7A-962B-4B72-ADD6-A6BED45C194D}.Release|Windows-AnyCPU.ActiveCfg = Release|Any CPU
		{66C98A7A-962B-4B72-ADD6-A6BED45C194D}.Release|Windows-AnyCPU.Build.0 = Release|Any CPU
		{66C98A7A-962B-4B72-ADD6-A6BED45C194D}.Release|Windows-ARM.ActiveCfg = Release|Any CPU
		{66C98A7A-962B-4B72-ADD6-A6BED45C194D}.Release|Windows-ARM.Build.0 = Release|Any CPU
		{66C98A7A-962B-4B72-ADD6-A6BED45C194D}.Release|Windows-x64.ActiveCfg = Release|Any CPU
		{66C98A7A-962B-4B72-ADD6-A6BED45C194D}.Release|Windows-x64.Build.0 = Release|Any CPU
		{66C98A7A-962B-4B72-ADD6-A6BED45C194D}.Release|Windows-x86.ActiveCfg = Release|Any CPU
		{66C98A7A-962B-4B72-ADD6-A6BED45C194D}.Release|Windows-x86.Build.0 = Release|Any CPU
		{66C98A7A-962B-4B72-ADD6-A6BED45C194D}.Release|x86.ActiveCfg = Release|Any CPU
		{66C98A7A-962B-4B72-ADD6-A6BED45C194D}.Release|x86.Build.0 = Release|Any CPU
		{26F6ECF9-4369-417B-8CF2-54FA92DF3660}.Debug|Android.ActiveCfg = Debug|Any CPU
		{26F6ECF9-4369-417B-8CF2-54FA92DF3660}.Debug|Android.Build.0 = Debug|Any CPU
		{26F6ECF9-4369-417B-8CF2-54FA92DF3660}.Debug|Any CPU.ActiveCfg = Debug|Any CPU
		{26F6ECF9-4369-417B-8CF2-54FA92DF3660}.Debug|Any CPU.Build.0 = Debug|Any CPU
		{26F6ECF9-4369-417B-8CF2-54FA92DF3660}.Debug|iOS.ActiveCfg = Debug|Any CPU
		{26F6ECF9-4369-417B-8CF2-54FA92DF3660}.Debug|iOS.Build.0 = Debug|Any CPU
		{26F6ECF9-4369-417B-8CF2-54FA92DF3660}.Debug|Windows Phone (Universal).ActiveCfg = Debug|Any CPU
		{26F6ECF9-4369-417B-8CF2-54FA92DF3660}.Debug|Windows Phone (Universal).Build.0 = Debug|Any CPU
		{26F6ECF9-4369-417B-8CF2-54FA92DF3660}.Debug|Windows Phone 8.ActiveCfg = Debug|Any CPU
		{26F6ECF9-4369-417B-8CF2-54FA92DF3660}.Debug|Windows Phone 8.Build.0 = Debug|Any CPU
		{26F6ECF9-4369-417B-8CF2-54FA92DF3660}.Debug|Windows-AnyCPU.ActiveCfg = Debug|Any CPU
		{26F6ECF9-4369-417B-8CF2-54FA92DF3660}.Debug|Windows-AnyCPU.Build.0 = Debug|Any CPU
		{26F6ECF9-4369-417B-8CF2-54FA92DF3660}.Debug|Windows-ARM.ActiveCfg = Debug|Any CPU
		{26F6ECF9-4369-417B-8CF2-54FA92DF3660}.Debug|Windows-ARM.Build.0 = Debug|Any CPU
		{26F6ECF9-4369-417B-8CF2-54FA92DF3660}.Debug|Windows-x64.ActiveCfg = Debug|Any CPU
		{26F6ECF9-4369-417B-8CF2-54FA92DF3660}.Debug|Windows-x64.Build.0 = Debug|Any CPU
		{26F6ECF9-4369-417B-8CF2-54FA92DF3660}.Debug|Windows-x86.ActiveCfg = Debug|Any CPU
		{26F6ECF9-4369-417B-8CF2-54FA92DF3660}.Debug|Windows-x86.Build.0 = Debug|Any CPU
		{26F6ECF9-4369-417B-8CF2-54FA92DF3660}.Debug|x86.ActiveCfg = Debug|Any CPU
		{26F6ECF9-4369-417B-8CF2-54FA92DF3660}.Debug|x86.Build.0 = Debug|Any CPU
		{26F6ECF9-4369-417B-8CF2-54FA92DF3660}.Release|Android.ActiveCfg = Release|Any CPU
		{26F6ECF9-4369-417B-8CF2-54FA92DF3660}.Release|Android.Build.0 = Release|Any CPU
		{26F6ECF9-4369-417B-8CF2-54FA92DF3660}.Release|Any CPU.ActiveCfg = Release|Any CPU
		{26F6ECF9-4369-417B-8CF2-54FA92DF3660}.Release|Any CPU.Build.0 = Release|Any CPU
		{26F6ECF9-4369-417B-8CF2-54FA92DF3660}.Release|iOS.ActiveCfg = Release|Any CPU
		{26F6ECF9-4369-417B-8CF2-54FA92DF3660}.Release|iOS.Build.0 = Release|Any CPU
		{26F6ECF9-4369-417B-8CF2-54FA92DF3660}.Release|Windows Phone (Universal).ActiveCfg = Release|Any CPU
		{26F6ECF9-4369-417B-8CF2-54FA92DF3660}.Release|Windows Phone (Universal).Build.0 = Release|Any CPU
		{26F6ECF9-4369-417B-8CF2-54FA92DF3660}.Release|Windows Phone 8.ActiveCfg = Release|Any CPU
		{26F6ECF9-4369-417B-8CF2-54FA92DF3660}.Release|Windows Phone 8.Build.0 = Release|Any CPU
		{26F6ECF9-4369-417B-8CF2-54FA92DF3660}.Release|Windows-AnyCPU.ActiveCfg = Release|Any CPU
		{26F6ECF9-4369-417B-8CF2-54FA92DF3660}.Release|Windows-AnyCPU.Build.0 = Release|Any CPU
		{26F6ECF9-4369-417B-8CF2-54FA92DF3660}.Release|Windows-ARM.ActiveCfg = Release|Any CPU
		{26F6ECF9-4369-417B-8CF2-54FA92DF3660}.Release|Windows-ARM.Build.0 = Release|Any CPU
		{26F6ECF9-4369-417B-8CF2-54FA92DF3660}.Release|Windows-x64.ActiveCfg = Release|Any CPU
		{26F6ECF9-4369-417B-8CF2-54FA92DF3660}.Release|Windows-x64.Build.0 = Release|Any CPU
		{26F6ECF9-4369-417B-8CF2-54FA92DF3660}.Release|Windows-x86.ActiveCfg = Release|Any CPU
		{26F6ECF9-4369-417B-8CF2-54FA92DF3660}.Release|Windows-x86.Build.0 = Release|Any CPU
		{26F6ECF9-4369-417B-8CF2-54FA92DF3660}.Release|x86.ActiveCfg = Release|Any CPU
		{26F6ECF9-4369-417B-8CF2-54FA92DF3660}.Release|x86.Build.0 = Release|Any CPU
		{84F11C21-3529-4AB4-9A5E-2E2015386059}.Debug|Android.ActiveCfg = Debug|Any CPU
		{84F11C21-3529-4AB4-9A5E-2E2015386059}.Debug|Android.Build.0 = Debug|Any CPU
		{84F11C21-3529-4AB4-9A5E-2E2015386059}.Debug|Any CPU.ActiveCfg = Debug|Any CPU
		{84F11C21-3529-4AB4-9A5E-2E2015386059}.Debug|Any CPU.Build.0 = Debug|Any CPU
		{84F11C21-3529-4AB4-9A5E-2E2015386059}.Debug|iOS.ActiveCfg = Debug|Any CPU
		{84F11C21-3529-4AB4-9A5E-2E2015386059}.Debug|iOS.Build.0 = Debug|Any CPU
		{84F11C21-3529-4AB4-9A5E-2E2015386059}.Debug|Windows Phone (Universal).ActiveCfg = Debug|Any CPU
		{84F11C21-3529-4AB4-9A5E-2E2015386059}.Debug|Windows Phone (Universal).Build.0 = Debug|Any CPU
		{84F11C21-3529-4AB4-9A5E-2E2015386059}.Debug|Windows Phone 8.ActiveCfg = Debug|Any CPU
		{84F11C21-3529-4AB4-9A5E-2E2015386059}.Debug|Windows Phone 8.Build.0 = Debug|Any CPU
		{84F11C21-3529-4AB4-9A5E-2E2015386059}.Debug|Windows-AnyCPU.ActiveCfg = Debug|Any CPU
		{84F11C21-3529-4AB4-9A5E-2E2015386059}.Debug|Windows-AnyCPU.Build.0 = Debug|Any CPU
		{84F11C21-3529-4AB4-9A5E-2E2015386059}.Debug|Windows-ARM.ActiveCfg = Debug|Any CPU
		{84F11C21-3529-4AB4-9A5E-2E2015386059}.Debug|Windows-ARM.Build.0 = Debug|Any CPU
		{84F11C21-3529-4AB4-9A5E-2E2015386059}.Debug|Windows-x64.ActiveCfg = Debug|Any CPU
		{84F11C21-3529-4AB4-9A5E-2E2015386059}.Debug|Windows-x64.Build.0 = Debug|Any CPU
		{84F11C21-3529-4AB4-9A5E-2E2015386059}.Debug|Windows-x86.ActiveCfg = Debug|Any CPU
		{84F11C21-3529-4AB4-9A5E-2E2015386059}.Debug|Windows-x86.Build.0 = Debug|Any CPU
		{84F11C21-3529-4AB4-9A5E-2E2015386059}.Debug|x86.ActiveCfg = Debug|Any CPU
		{84F11C21-3529-4AB4-9A5E-2E2015386059}.Debug|x86.Build.0 = Debug|Any CPU
		{84F11C21-3529-4AB4-9A5E-2E2015386059}.Release|Android.ActiveCfg = Release|Any CPU
		{84F11C21-3529-4AB4-9A5E-2E2015386059}.Release|Android.Build.0 = Release|Any CPU
		{84F11C21-3529-4AB4-9A5E-2E2015386059}.Release|Any CPU.ActiveCfg = Release|Any CPU
		{84F11C21-3529-4AB4-9A5E-2E2015386059}.Release|Any CPU.Build.0 = Release|Any CPU
		{84F11C21-3529-4AB4-9A5E-2E2015386059}.Release|iOS.ActiveCfg = Release|Any CPU
		{84F11C21-3529-4AB4-9A5E-2E2015386059}.Release|iOS.Build.0 = Release|Any CPU
		{84F11C21-3529-4AB4-9A5E-2E2015386059}.Release|Windows Phone (Universal).ActiveCfg = Release|Any CPU
		{84F11C21-3529-4AB4-9A5E-2E2015386059}.Release|Windows Phone (Universal).Build.0 = Release|Any CPU
		{84F11C21-3529-4AB4-9A5E-2E2015386059}.Release|Windows Phone 8.ActiveCfg = Release|Any CPU
		{84F11C21-3529-4AB4-9A5E-2E2015386059}.Release|Windows Phone 8.Build.0 = Release|Any CPU
		{84F11C21-3529-4AB4-9A5E-2E2015386059}.Release|Windows-AnyCPU.ActiveCfg = Release|Any CPU
		{84F11C21-3529-4AB4-9A5E-2E2015386059}.Release|Windows-AnyCPU.Build.0 = Release|Any CPU
		{84F11C21-3529-4AB4-9A5E-2E2015386059}.Release|Windows-ARM.ActiveCfg = Release|Any CPU
		{84F11C21-3529-4AB4-9A5E-2E2015386059}.Release|Windows-ARM.Build.0 = Release|Any CPU
		{84F11C21-3529-4AB4-9A5E-2E2015386059}.Release|Windows-x64.ActiveCfg = Release|Any CPU
		{84F11C21-3529-4AB4-9A5E-2E2015386059}.Release|Windows-x64.Build.0 = Release|Any CPU
		{84F11C21-3529-4AB4-9A5E-2E2015386059}.Release|Windows-x86.ActiveCfg = Release|Any CPU
		{84F11C21-3529-4AB4-9A5E-2E2015386059}.Release|Windows-x86.Build.0 = Release|Any CPU
		{84F11C21-3529-4AB4-9A5E-2E2015386059}.Release|x86.ActiveCfg = Release|Any CPU
		{84F11C21-3529-4AB4-9A5E-2E2015386059}.Release|x86.Build.0 = Release|Any CPU
		{E76096DC-4BE0-4D0A-AA93-033DA8AE8FC3}.Debug|Android.ActiveCfg = Debug|Any CPU
		{E76096DC-4BE0-4D0A-AA93-033DA8AE8FC3}.Debug|Android.Build.0 = Debug|Any CPU
		{E76096DC-4BE0-4D0A-AA93-033DA8AE8FC3}.Debug|Any CPU.ActiveCfg = Debug|Any CPU
		{E76096DC-4BE0-4D0A-AA93-033DA8AE8FC3}.Debug|Any CPU.Build.0 = Debug|Any CPU
		{E76096DC-4BE0-4D0A-AA93-033DA8AE8FC3}.Debug|iOS.ActiveCfg = Debug|Any CPU
		{E76096DC-4BE0-4D0A-AA93-033DA8AE8FC3}.Debug|iOS.Build.0 = Debug|Any CPU
		{E76096DC-4BE0-4D0A-AA93-033DA8AE8FC3}.Debug|Windows Phone (Universal).ActiveCfg = Debug|Any CPU
		{E76096DC-4BE0-4D0A-AA93-033DA8AE8FC3}.Debug|Windows Phone (Universal).Build.0 = Debug|Any CPU
		{E76096DC-4BE0-4D0A-AA93-033DA8AE8FC3}.Debug|Windows Phone 8.ActiveCfg = Debug|Any CPU
		{E76096DC-4BE0-4D0A-AA93-033DA8AE8FC3}.Debug|Windows Phone 8.Build.0 = Debug|Any CPU
		{E76096DC-4BE0-4D0A-AA93-033DA8AE8FC3}.Debug|Windows-AnyCPU.ActiveCfg = Debug|Any CPU
		{E76096DC-4BE0-4D0A-AA93-033DA8AE8FC3}.Debug|Windows-AnyCPU.Build.0 = Debug|Any CPU
		{E76096DC-4BE0-4D0A-AA93-033DA8AE8FC3}.Debug|Windows-ARM.ActiveCfg = Debug|Any CPU
		{E76096DC-4BE0-4D0A-AA93-033DA8AE8FC3}.Debug|Windows-ARM.Build.0 = Debug|Any CPU
		{E76096DC-4BE0-4D0A-AA93-033DA8AE8FC3}.Debug|Windows-x64.ActiveCfg = Debug|Any CPU
		{E76096DC-4BE0-4D0A-AA93-033DA8AE8FC3}.Debug|Windows-x64.Build.0 = Debug|Any CPU
		{E76096DC-4BE0-4D0A-AA93-033DA8AE8FC3}.Debug|Windows-x86.ActiveCfg = Debug|Any CPU
		{E76096DC-4BE0-4D0A-AA93-033DA8AE8FC3}.Debug|Windows-x86.Build.0 = Debug|Any CPU
		{E76096DC-4BE0-4D0A-AA93-033DA8AE8FC3}.Debug|x86.ActiveCfg = Debug|Any CPU
		{E76096DC-4BE0-4D0A-AA93-033DA8AE8FC3}.Debug|x86.Build.0 = Debug|Any CPU
		{E76096DC-4BE0-4D0A-AA93-033DA8AE8FC3}.Release|Android.ActiveCfg = Release|Any CPU
		{E76096DC-4BE0-4D0A-AA93-033DA8AE8FC3}.Release|Android.Build.0 = Release|Any CPU
		{E76096DC-4BE0-4D0A-AA93-033DA8AE8FC3}.Release|Any CPU.ActiveCfg = Release|Any CPU
		{E76096DC-4BE0-4D0A-AA93-033DA8AE8FC3}.Release|Any CPU.Build.0 = Release|Any CPU
		{E76096DC-4BE0-4D0A-AA93-033DA8AE8FC3}.Release|iOS.ActiveCfg = Release|Any CPU
		{E76096DC-4BE0-4D0A-AA93-033DA8AE8FC3}.Release|iOS.Build.0 = Release|Any CPU
		{E76096DC-4BE0-4D0A-AA93-033DA8AE8FC3}.Release|Windows Phone (Universal).ActiveCfg = Release|Any CPU
		{E76096DC-4BE0-4D0A-AA93-033DA8AE8FC3}.Release|Windows Phone (Universal).Build.0 = Release|Any CPU
		{E76096DC-4BE0-4D0A-AA93-033DA8AE8FC3}.Release|Windows Phone 8.ActiveCfg = Release|Any CPU
		{E76096DC-4BE0-4D0A-AA93-033DA8AE8FC3}.Release|Windows Phone 8.Build.0 = Release|Any CPU
		{E76096DC-4BE0-4D0A-AA93-033DA8AE8FC3}.Release|Windows-AnyCPU.ActiveCfg = Release|Any CPU
		{E76096DC-4BE0-4D0A-AA93-033DA8AE8FC3}.Release|Windows-AnyCPU.Build.0 = Release|Any CPU
		{E76096DC-4BE0-4D0A-AA93-033DA8AE8FC3}.Release|Windows-ARM.ActiveCfg = Release|Any CPU
		{E76096DC-4BE0-4D0A-AA93-033DA8AE8FC3}.Release|Windows-ARM.Build.0 = Release|Any CPU
		{E76096DC-4BE0-4D0A-AA93-033DA8AE8FC3}.Release|Windows-x64.ActiveCfg = Release|Any CPU
		{E76096DC-4BE0-4D0A-AA93-033DA8AE8FC3}.Release|Windows-x64.Build.0 = Release|Any CPU
		{E76096DC-4BE0-4D0A-AA93-033DA8AE8FC3}.Release|Windows-x86.ActiveCfg = Release|Any CPU
		{E76096DC-4BE0-4D0A-AA93-033DA8AE8FC3}.Release|Windows-x86.Build.0 = Release|Any CPU
		{E76096DC-4BE0-4D0A-AA93-033DA8AE8FC3}.Release|x86.ActiveCfg = Release|Any CPU
		{E76096DC-4BE0-4D0A-AA93-033DA8AE8FC3}.Release|x86.Build.0 = Release|Any CPU
		{8EAC01EF-0489-47FF-87B8-0C4040AC3891}.Debug|Android.ActiveCfg = Debug|Any CPU
		{8EAC01EF-0489-47FF-87B8-0C4040AC3891}.Debug|Android.Build.0 = Debug|Any CPU
		{8EAC01EF-0489-47FF-87B8-0C4040AC3891}.Debug|Any CPU.ActiveCfg = Debug|Any CPU
		{8EAC01EF-0489-47FF-87B8-0C4040AC3891}.Debug|Any CPU.Build.0 = Debug|Any CPU
		{8EAC01EF-0489-47FF-87B8-0C4040AC3891}.Debug|iOS.ActiveCfg = Debug|Any CPU
		{8EAC01EF-0489-47FF-87B8-0C4040AC3891}.Debug|iOS.Build.0 = Debug|Any CPU
		{8EAC01EF-0489-47FF-87B8-0C4040AC3891}.Debug|Windows Phone (Universal).ActiveCfg = Debug|Any CPU
		{8EAC01EF-0489-47FF-87B8-0C4040AC3891}.Debug|Windows Phone (Universal).Build.0 = Debug|Any CPU
		{8EAC01EF-0489-47FF-87B8-0C4040AC3891}.Debug|Windows Phone 8.ActiveCfg = Debug|Any CPU
		{8EAC01EF-0489-47FF-87B8-0C4040AC3891}.Debug|Windows Phone 8.Build.0 = Debug|Any CPU
		{8EAC01EF-0489-47FF-87B8-0C4040AC3891}.Debug|Windows-AnyCPU.ActiveCfg = Debug|Any CPU
		{8EAC01EF-0489-47FF-87B8-0C4040AC3891}.Debug|Windows-AnyCPU.Build.0 = Debug|Any CPU
		{8EAC01EF-0489-47FF-87B8-0C4040AC3891}.Debug|Windows-ARM.ActiveCfg = Debug|Any CPU
		{8EAC01EF-0489-47FF-87B8-0C4040AC3891}.Debug|Windows-ARM.Build.0 = Debug|Any CPU
		{8EAC01EF-0489-47FF-87B8-0C4040AC3891}.Debug|Windows-x64.ActiveCfg = Debug|Any CPU
		{8EAC01EF-0489-47FF-87B8-0C4040AC3891}.Debug|Windows-x64.Build.0 = Debug|Any CPU
		{8EAC01EF-0489-47FF-87B8-0C4040AC3891}.Debug|Windows-x86.ActiveCfg = Debug|Any CPU
		{8EAC01EF-0489-47FF-87B8-0C4040AC3891}.Debug|Windows-x86.Build.0 = Debug|Any CPU
		{8EAC01EF-0489-47FF-87B8-0C4040AC3891}.Debug|x86.ActiveCfg = Debug|Any CPU
		{8EAC01EF-0489-47FF-87B8-0C4040AC3891}.Debug|x86.Build.0 = Debug|Any CPU
		{8EAC01EF-0489-47FF-87B8-0C4040AC3891}.Release|Android.ActiveCfg = Release|Any CPU
		{8EAC01EF-0489-47FF-87B8-0C4040AC3891}.Release|Android.Build.0 = Release|Any CPU
		{8EAC01EF-0489-47FF-87B8-0C4040AC3891}.Release|Any CPU.ActiveCfg = Release|Any CPU
		{8EAC01EF-0489-47FF-87B8-0C4040AC3891}.Release|Any CPU.Build.0 = Release|Any CPU
		{8EAC01EF-0489-47FF-87B8-0C4040AC3891}.Release|iOS.ActiveCfg = Release|Any CPU
		{8EAC01EF-0489-47FF-87B8-0C4040AC3891}.Release|iOS.Build.0 = Release|Any CPU
		{8EAC01EF-0489-47FF-87B8-0C4040AC3891}.Release|Windows Phone (Universal).ActiveCfg = Release|Any CPU
		{8EAC01EF-0489-47FF-87B8-0C4040AC3891}.Release|Windows Phone (Universal).Build.0 = Release|Any CPU
		{8EAC01EF-0489-47FF-87B8-0C4040AC3891}.Release|Windows Phone 8.ActiveCfg = Release|Any CPU
		{8EAC01EF-0489-47FF-87B8-0C4040AC3891}.Release|Windows Phone 8.Build.0 = Release|Any CPU
		{8EAC01EF-0489-47FF-87B8-0C4040AC3891}.Release|Windows-AnyCPU.ActiveCfg = Release|Any CPU
		{8EAC01EF-0489-47FF-87B8-0C4040AC3891}.Release|Windows-AnyCPU.Build.0 = Release|Any CPU
		{8EAC01EF-0489-47FF-87B8-0C4040AC3891}.Release|Windows-ARM.ActiveCfg = Release|Any CPU
		{8EAC01EF-0489-47FF-87B8-0C4040AC3891}.Release|Windows-ARM.Build.0 = Release|Any CPU
		{8EAC01EF-0489-47FF-87B8-0C4040AC3891}.Release|Windows-x64.ActiveCfg = Release|Any CPU
		{8EAC01EF-0489-47FF-87B8-0C4040AC3891}.Release|Windows-x64.Build.0 = Release|Any CPU
		{8EAC01EF-0489-47FF-87B8-0C4040AC3891}.Release|Windows-x86.ActiveCfg = Release|Any CPU
		{8EAC01EF-0489-47FF-87B8-0C4040AC3891}.Release|Windows-x86.Build.0 = Release|Any CPU
		{8EAC01EF-0489-47FF-87B8-0C4040AC3891}.Release|x86.ActiveCfg = Release|Any CPU
		{8EAC01EF-0489-47FF-87B8-0C4040AC3891}.Release|x86.Build.0 = Release|Any CPU
		{655DDA66-EC6E-4716-9B36-DBFF87FB4459}.Debug|Android.ActiveCfg = Debug|Any CPU
		{655DDA66-EC6E-4716-9B36-DBFF87FB4459}.Debug|Android.Build.0 = Debug|Any CPU
		{655DDA66-EC6E-4716-9B36-DBFF87FB4459}.Debug|Any CPU.ActiveCfg = Debug|Any CPU
		{655DDA66-EC6E-4716-9B36-DBFF87FB4459}.Debug|Any CPU.Build.0 = Debug|Any CPU
		{655DDA66-EC6E-4716-9B36-DBFF87FB4459}.Debug|iOS.ActiveCfg = Debug|Any CPU
		{655DDA66-EC6E-4716-9B36-DBFF87FB4459}.Debug|iOS.Build.0 = Debug|Any CPU
		{655DDA66-EC6E-4716-9B36-DBFF87FB4459}.Debug|Windows Phone (Universal).ActiveCfg = Debug|Any CPU
		{655DDA66-EC6E-4716-9B36-DBFF87FB4459}.Debug|Windows Phone (Universal).Build.0 = Debug|Any CPU
		{655DDA66-EC6E-4716-9B36-DBFF87FB4459}.Debug|Windows Phone 8.ActiveCfg = Debug|Any CPU
		{655DDA66-EC6E-4716-9B36-DBFF87FB4459}.Debug|Windows Phone 8.Build.0 = Debug|Any CPU
		{655DDA66-EC6E-4716-9B36-DBFF87FB4459}.Debug|Windows-AnyCPU.ActiveCfg = Debug|Any CPU
		{655DDA66-EC6E-4716-9B36-DBFF87FB4459}.Debug|Windows-AnyCPU.Build.0 = Debug|Any CPU
		{655DDA66-EC6E-4716-9B36-DBFF87FB4459}.Debug|Windows-ARM.ActiveCfg = Debug|Any CPU
		{655DDA66-EC6E-4716-9B36-DBFF87FB4459}.Debug|Windows-ARM.Build.0 = Debug|Any CPU
		{655DDA66-EC6E-4716-9B36-DBFF87FB4459}.Debug|Windows-x64.ActiveCfg = Debug|Any CPU
		{655DDA66-EC6E-4716-9B36-DBFF87FB4459}.Debug|Windows-x64.Build.0 = Debug|Any CPU
		{655DDA66-EC6E-4716-9B36-DBFF87FB4459}.Debug|Windows-x86.ActiveCfg = Debug|Any CPU
		{655DDA66-EC6E-4716-9B36-DBFF87FB4459}.Debug|Windows-x86.Build.0 = Debug|Any CPU
		{655DDA66-EC6E-4716-9B36-DBFF87FB4459}.Debug|x86.ActiveCfg = Debug|Any CPU
		{655DDA66-EC6E-4716-9B36-DBFF87FB4459}.Debug|x86.Build.0 = Debug|Any CPU
		{655DDA66-EC6E-4716-9B36-DBFF87FB4459}.Release|Android.ActiveCfg = Release|Any CPU
		{655DDA66-EC6E-4716-9B36-DBFF87FB4459}.Release|Android.Build.0 = Release|Any CPU
		{655DDA66-EC6E-4716-9B36-DBFF87FB4459}.Release|Any CPU.ActiveCfg = Release|Any CPU
		{655DDA66-EC6E-4716-9B36-DBFF87FB4459}.Release|Any CPU.Build.0 = Release|Any CPU
		{655DDA66-EC6E-4716-9B36-DBFF87FB4459}.Release|iOS.ActiveCfg = Release|Any CPU
		{655DDA66-EC6E-4716-9B36-DBFF87FB4459}.Release|iOS.Build.0 = Release|Any CPU
		{655DDA66-EC6E-4716-9B36-DBFF87FB4459}.Release|Windows Phone (Universal).ActiveCfg = Release|Any CPU
		{655DDA66-EC6E-4716-9B36-DBFF87FB4459}.Release|Windows Phone (Universal).Build.0 = Release|Any CPU
		{655DDA66-EC6E-4716-9B36-DBFF87FB4459}.Release|Windows Phone 8.ActiveCfg = Release|Any CPU
		{655DDA66-EC6E-4716-9B36-DBFF87FB4459}.Release|Windows Phone 8.Build.0 = Release|Any CPU
		{655DDA66-EC6E-4716-9B36-DBFF87FB4459}.Release|Windows-AnyCPU.ActiveCfg = Release|Any CPU
		{655DDA66-EC6E-4716-9B36-DBFF87FB4459}.Release|Windows-AnyCPU.Build.0 = Release|Any CPU
		{655DDA66-EC6E-4716-9B36-DBFF87FB4459}.Release|Windows-ARM.ActiveCfg = Release|Any CPU
		{655DDA66-EC6E-4716-9B36-DBFF87FB4459}.Release|Windows-ARM.Build.0 = Release|Any CPU
		{655DDA66-EC6E-4716-9B36-DBFF87FB4459}.Release|Windows-x64.ActiveCfg = Release|Any CPU
		{655DDA66-EC6E-4716-9B36-DBFF87FB4459}.Release|Windows-x64.Build.0 = Release|Any CPU
		{655DDA66-EC6E-4716-9B36-DBFF87FB4459}.Release|Windows-x86.ActiveCfg = Release|Any CPU
		{655DDA66-EC6E-4716-9B36-DBFF87FB4459}.Release|Windows-x86.Build.0 = Release|Any CPU
		{655DDA66-EC6E-4716-9B36-DBFF87FB4459}.Release|x86.ActiveCfg = Release|Any CPU
		{655DDA66-EC6E-4716-9B36-DBFF87FB4459}.Release|x86.Build.0 = Release|Any CPU
		{B7D265B0-E223-4487-A493-C5503E6331F6}.Debug|Android.ActiveCfg = Debug|Any CPU
		{B7D265B0-E223-4487-A493-C5503E6331F6}.Debug|Android.Build.0 = Debug|Any CPU
		{B7D265B0-E223-4487-A493-C5503E6331F6}.Debug|Any CPU.ActiveCfg = Debug|Any CPU
		{B7D265B0-E223-4487-A493-C5503E6331F6}.Debug|Any CPU.Build.0 = Debug|Any CPU
		{B7D265B0-E223-4487-A493-C5503E6331F6}.Debug|iOS.ActiveCfg = Debug|Any CPU
		{B7D265B0-E223-4487-A493-C5503E6331F6}.Debug|iOS.Build.0 = Debug|Any CPU
		{B7D265B0-E223-4487-A493-C5503E6331F6}.Debug|Windows Phone (Universal).ActiveCfg = Debug|Any CPU
		{B7D265B0-E223-4487-A493-C5503E6331F6}.Debug|Windows Phone (Universal).Build.0 = Debug|Any CPU
		{B7D265B0-E223-4487-A493-C5503E6331F6}.Debug|Windows Phone 8.ActiveCfg = Debug|Any CPU
		{B7D265B0-E223-4487-A493-C5503E6331F6}.Debug|Windows Phone 8.Build.0 = Debug|Any CPU
		{B7D265B0-E223-4487-A493-C5503E6331F6}.Debug|Windows-AnyCPU.ActiveCfg = Debug|Any CPU
		{B7D265B0-E223-4487-A493-C5503E6331F6}.Debug|Windows-AnyCPU.Build.0 = Debug|Any CPU
		{B7D265B0-E223-4487-A493-C5503E6331F6}.Debug|Windows-ARM.ActiveCfg = Debug|Any CPU
		{B7D265B0-E223-4487-A493-C5503E6331F6}.Debug|Windows-ARM.Build.0 = Debug|Any CPU
		{B7D265B0-E223-4487-A493-C5503E6331F6}.Debug|Windows-x64.ActiveCfg = Debug|Any CPU
		{B7D265B0-E223-4487-A493-C5503E6331F6}.Debug|Windows-x64.Build.0 = Debug|Any CPU
		{B7D265B0-E223-4487-A493-C5503E6331F6}.Debug|Windows-x86.ActiveCfg = Debug|Any CPU
		{B7D265B0-E223-4487-A493-C5503E6331F6}.Debug|Windows-x86.Build.0 = Debug|Any CPU
		{B7D265B0-E223-4487-A493-C5503E6331F6}.Debug|x86.ActiveCfg = Debug|Any CPU
		{B7D265B0-E223-4487-A493-C5503E6331F6}.Debug|x86.Build.0 = Debug|Any CPU
		{B7D265B0-E223-4487-A493-C5503E6331F6}.Release|Android.ActiveCfg = Release|Any CPU
		{B7D265B0-E223-4487-A493-C5503E6331F6}.Release|Android.Build.0 = Release|Any CPU
		{B7D265B0-E223-4487-A493-C5503E6331F6}.Release|Any CPU.ActiveCfg = Release|Any CPU
		{B7D265B0-E223-4487-A493-C5503E6331F6}.Release|Any CPU.Build.0 = Release|Any CPU
		{B7D265B0-E223-4487-A493-C5503E6331F6}.Release|iOS.ActiveCfg = Release|Any CPU
		{B7D265B0-E223-4487-A493-C5503E6331F6}.Release|iOS.Build.0 = Release|Any CPU
		{B7D265B0-E223-4487-A493-C5503E6331F6}.Release|Windows Phone (Universal).ActiveCfg = Release|Any CPU
		{B7D265B0-E223-4487-A493-C5503E6331F6}.Release|Windows Phone (Universal).Build.0 = Release|Any CPU
		{B7D265B0-E223-4487-A493-C5503E6331F6}.Release|Windows Phone 8.ActiveCfg = Release|Any CPU
		{B7D265B0-E223-4487-A493-C5503E6331F6}.Release|Windows Phone 8.Build.0 = Release|Any CPU
		{B7D265B0-E223-4487-A493-C5503E6331F6}.Release|Windows-AnyCPU.ActiveCfg = Release|Any CPU
		{B7D265B0-E223-4487-A493-C5503E6331F6}.Release|Windows-AnyCPU.Build.0 = Release|Any CPU
		{B7D265B0-E223-4487-A493-C5503E6331F6}.Release|Windows-ARM.ActiveCfg = Release|Any CPU
		{B7D265B0-E223-4487-A493-C5503E6331F6}.Release|Windows-ARM.Build.0 = Release|Any CPU
		{B7D265B0-E223-4487-A493-C5503E6331F6}.Release|Windows-x64.ActiveCfg = Release|Any CPU
		{B7D265B0-E223-4487-A493-C5503E6331F6}.Release|Windows-x64.Build.0 = Release|Any CPU
		{B7D265B0-E223-4487-A493-C5503E6331F6}.Release|Windows-x86.ActiveCfg = Release|Any CPU
		{B7D265B0-E223-4487-A493-C5503E6331F6}.Release|Windows-x86.Build.0 = Release|Any CPU
		{B7D265B0-E223-4487-A493-C5503E6331F6}.Release|x86.ActiveCfg = Release|Any CPU
		{B7D265B0-E223-4487-A493-C5503E6331F6}.Release|x86.Build.0 = Release|Any CPU
		{3C096F6C-FEAA-4179-9507-1841839F71A6}.Debug|Android.ActiveCfg = Debug|Any CPU
		{3C096F6C-FEAA-4179-9507-1841839F71A6}.Debug|Android.Build.0 = Debug|Any CPU
		{3C096F6C-FEAA-4179-9507-1841839F71A6}.Debug|Any CPU.ActiveCfg = Debug|Any CPU
		{3C096F6C-FEAA-4179-9507-1841839F71A6}.Debug|Any CPU.Build.0 = Debug|Any CPU
		{3C096F6C-FEAA-4179-9507-1841839F71A6}.Debug|iOS.ActiveCfg = Debug|Any CPU
		{3C096F6C-FEAA-4179-9507-1841839F71A6}.Debug|iOS.Build.0 = Debug|Any CPU
		{3C096F6C-FEAA-4179-9507-1841839F71A6}.Debug|Windows Phone (Universal).ActiveCfg = Debug|Any CPU
		{3C096F6C-FEAA-4179-9507-1841839F71A6}.Debug|Windows Phone (Universal).Build.0 = Debug|Any CPU
		{3C096F6C-FEAA-4179-9507-1841839F71A6}.Debug|Windows Phone 8.ActiveCfg = Debug|Any CPU
		{3C096F6C-FEAA-4179-9507-1841839F71A6}.Debug|Windows Phone 8.Build.0 = Debug|Any CPU
		{3C096F6C-FEAA-4179-9507-1841839F71A6}.Debug|Windows-AnyCPU.ActiveCfg = Debug|Any CPU
		{3C096F6C-FEAA-4179-9507-1841839F71A6}.Debug|Windows-AnyCPU.Build.0 = Debug|Any CPU
		{3C096F6C-FEAA-4179-9507-1841839F71A6}.Debug|Windows-ARM.ActiveCfg = Debug|Any CPU
		{3C096F6C-FEAA-4179-9507-1841839F71A6}.Debug|Windows-ARM.Build.0 = Debug|Any CPU
		{3C096F6C-FEAA-4179-9507-1841839F71A6}.Debug|Windows-x64.ActiveCfg = Debug|Any CPU
		{3C096F6C-FEAA-4179-9507-1841839F71A6}.Debug|Windows-x64.Build.0 = Debug|Any CPU
		{3C096F6C-FEAA-4179-9507-1841839F71A6}.Debug|Windows-x86.ActiveCfg = Debug|Any CPU
		{3C096F6C-FEAA-4179-9507-1841839F71A6}.Debug|Windows-x86.Build.0 = Debug|Any CPU
		{3C096F6C-FEAA-4179-9507-1841839F71A6}.Debug|x86.ActiveCfg = Debug|Any CPU
		{3C096F6C-FEAA-4179-9507-1841839F71A6}.Debug|x86.Build.0 = Debug|Any CPU
		{3C096F6C-FEAA-4179-9507-1841839F71A6}.Release|Android.ActiveCfg = Release|Any CPU
		{3C096F6C-FEAA-4179-9507-1841839F71A6}.Release|Android.Build.0 = Release|Any CPU
		{3C096F6C-FEAA-4179-9507-1841839F71A6}.Release|Any CPU.ActiveCfg = Release|Any CPU
		{3C096F6C-FEAA-4179-9507-1841839F71A6}.Release|Any CPU.Build.0 = Release|Any CPU
		{3C096F6C-FEAA-4179-9507-1841839F71A6}.Release|iOS.ActiveCfg = Release|Any CPU
		{3C096F6C-FEAA-4179-9507-1841839F71A6}.Release|iOS.Build.0 = Release|Any CPU
		{3C096F6C-FEAA-4179-9507-1841839F71A6}.Release|Windows Phone (Universal).ActiveCfg = Release|Any CPU
		{3C096F6C-FEAA-4179-9507-1841839F71A6}.Release|Windows Phone (Universal).Build.0 = Release|Any CPU
		{3C096F6C-FEAA-4179-9507-1841839F71A6}.Release|Windows Phone 8.ActiveCfg = Release|Any CPU
		{3C096F6C-FEAA-4179-9507-1841839F71A6}.Release|Windows Phone 8.Build.0 = Release|Any CPU
		{3C096F6C-FEAA-4179-9507-1841839F71A6}.Release|Windows-AnyCPU.ActiveCfg = Release|Any CPU
		{3C096F6C-FEAA-4179-9507-1841839F71A6}.Release|Windows-AnyCPU.Build.0 = Release|Any CPU
		{3C096F6C-FEAA-4179-9507-1841839F71A6}.Release|Windows-ARM.ActiveCfg = Release|Any CPU
		{3C096F6C-FEAA-4179-9507-1841839F71A6}.Release|Windows-ARM.Build.0 = Release|Any CPU
		{3C096F6C-FEAA-4179-9507-1841839F71A6}.Release|Windows-x64.ActiveCfg = Release|Any CPU
		{3C096F6C-FEAA-4179-9507-1841839F71A6}.Release|Windows-x64.Build.0 = Release|Any CPU
		{3C096F6C-FEAA-4179-9507-1841839F71A6}.Release|Windows-x86.ActiveCfg = Release|Any CPU
		{3C096F6C-FEAA-4179-9507-1841839F71A6}.Release|Windows-x86.Build.0 = Release|Any CPU
		{3C096F6C-FEAA-4179-9507-1841839F71A6}.Release|x86.ActiveCfg = Release|Any CPU
		{3C096F6C-FEAA-4179-9507-1841839F71A6}.Release|x86.Build.0 = Release|Any CPU
		{FDC0B1F3-F262-4D27-AE32-FE26DB69D68C}.Debug|Android.ActiveCfg = Debug|Any CPU
		{FDC0B1F3-F262-4D27-AE32-FE26DB69D68C}.Debug|Android.Build.0 = Debug|Any CPU
		{FDC0B1F3-F262-4D27-AE32-FE26DB69D68C}.Debug|Any CPU.ActiveCfg = Debug|Any CPU
		{FDC0B1F3-F262-4D27-AE32-FE26DB69D68C}.Debug|Any CPU.Build.0 = Debug|Any CPU
		{FDC0B1F3-F262-4D27-AE32-FE26DB69D68C}.Debug|iOS.ActiveCfg = Debug|Any CPU
		{FDC0B1F3-F262-4D27-AE32-FE26DB69D68C}.Debug|iOS.Build.0 = Debug|Any CPU
		{FDC0B1F3-F262-4D27-AE32-FE26DB69D68C}.Debug|Windows Phone (Universal).ActiveCfg = Debug|Any CPU
		{FDC0B1F3-F262-4D27-AE32-FE26DB69D68C}.Debug|Windows Phone (Universal).Build.0 = Debug|Any CPU
		{FDC0B1F3-F262-4D27-AE32-FE26DB69D68C}.Debug|Windows Phone 8.ActiveCfg = Debug|Any CPU
		{FDC0B1F3-F262-4D27-AE32-FE26DB69D68C}.Debug|Windows Phone 8.Build.0 = Debug|Any CPU
		{FDC0B1F3-F262-4D27-AE32-FE26DB69D68C}.Debug|Windows-AnyCPU.ActiveCfg = Debug|Any CPU
		{FDC0B1F3-F262-4D27-AE32-FE26DB69D68C}.Debug|Windows-AnyCPU.Build.0 = Debug|Any CPU
		{FDC0B1F3-F262-4D27-AE32-FE26DB69D68C}.Debug|Windows-ARM.ActiveCfg = Debug|Any CPU
		{FDC0B1F3-F262-4D27-AE32-FE26DB69D68C}.Debug|Windows-ARM.Build.0 = Debug|Any CPU
		{FDC0B1F3-F262-4D27-AE32-FE26DB69D68C}.Debug|Windows-x64.ActiveCfg = Debug|Any CPU
		{FDC0B1F3-F262-4D27-AE32-FE26DB69D68C}.Debug|Windows-x64.Build.0 = Debug|Any CPU
		{FDC0B1F3-F262-4D27-AE32-FE26DB69D68C}.Debug|Windows-x86.ActiveCfg = Debug|Any CPU
		{FDC0B1F3-F262-4D27-AE32-FE26DB69D68C}.Debug|Windows-x86.Build.0 = Debug|Any CPU
		{FDC0B1F3-F262-4D27-AE32-FE26DB69D68C}.Debug|x86.ActiveCfg = Debug|Any CPU
		{FDC0B1F3-F262-4D27-AE32-FE26DB69D68C}.Debug|x86.Build.0 = Debug|Any CPU
		{FDC0B1F3-F262-4D27-AE32-FE26DB69D68C}.Release|Android.ActiveCfg = Release|Any CPU
		{FDC0B1F3-F262-4D27-AE32-FE26DB69D68C}.Release|Android.Build.0 = Release|Any CPU
		{FDC0B1F3-F262-4D27-AE32-FE26DB69D68C}.Release|Any CPU.ActiveCfg = Release|Any CPU
		{FDC0B1F3-F262-4D27-AE32-FE26DB69D68C}.Release|Any CPU.Build.0 = Release|Any CPU
		{FDC0B1F3-F262-4D27-AE32-FE26DB69D68C}.Release|iOS.ActiveCfg = Release|Any CPU
		{FDC0B1F3-F262-4D27-AE32-FE26DB69D68C}.Release|iOS.Build.0 = Release|Any CPU
		{FDC0B1F3-F262-4D27-AE32-FE26DB69D68C}.Release|Windows Phone (Universal).ActiveCfg = Release|Any CPU
		{FDC0B1F3-F262-4D27-AE32-FE26DB69D68C}.Release|Windows Phone (Universal).Build.0 = Release|Any CPU
		{FDC0B1F3-F262-4D27-AE32-FE26DB69D68C}.Release|Windows Phone 8.ActiveCfg = Release|Any CPU
		{FDC0B1F3-F262-4D27-AE32-FE26DB69D68C}.Release|Windows Phone 8.Build.0 = Release|Any CPU
		{FDC0B1F3-F262-4D27-AE32-FE26DB69D68C}.Release|Windows-AnyCPU.ActiveCfg = Release|Any CPU
		{FDC0B1F3-F262-4D27-AE32-FE26DB69D68C}.Release|Windows-AnyCPU.Build.0 = Release|Any CPU
		{FDC0B1F3-F262-4D27-AE32-FE26DB69D68C}.Release|Windows-ARM.ActiveCfg = Release|Any CPU
		{FDC0B1F3-F262-4D27-AE32-FE26DB69D68C}.Release|Windows-ARM.Build.0 = Release|Any CPU
		{FDC0B1F3-F262-4D27-AE32-FE26DB69D68C}.Release|Windows-x64.ActiveCfg = Release|Any CPU
		{FDC0B1F3-F262-4D27-AE32-FE26DB69D68C}.Release|Windows-x64.Build.0 = Release|Any CPU
		{FDC0B1F3-F262-4D27-AE32-FE26DB69D68C}.Release|Windows-x86.ActiveCfg = Release|Any CPU
		{FDC0B1F3-F262-4D27-AE32-FE26DB69D68C}.Release|Windows-x86.Build.0 = Release|Any CPU
		{FDC0B1F3-F262-4D27-AE32-FE26DB69D68C}.Release|x86.ActiveCfg = Release|Any CPU
		{FDC0B1F3-F262-4D27-AE32-FE26DB69D68C}.Release|x86.Build.0 = Release|Any CPU
	EndGlobalSection
	GlobalSection(SolutionProperties) = preSolution
		HideSolutionNode = FALSE
	EndGlobalSection
	GlobalSection(ExtensibilityGlobals) = postSolution
		SolutionGuid = {6E805254-85A7-452E-A9EB-1CF3B6357092}
	EndGlobalSection
EndGlobal
